<?xml version="1.0" encoding="utf-8"?>
<Project ToolsVersion="4.0" xmlns="http://schemas.microsoft.com/developer/msbuild/2003">
  <ItemGroup>
    <ClCompile Include="pch.cpp" />
    <ClCompile Include="..\Code\Carrow.cpp">
      <Filter>02. GameObject\02. Player</Filter>
    </ClCompile>
    <ClCompile Include="..\Code\CBackGround.cpp">
      <Filter>02. GameObject\00. BackGround</Filter>
    </ClCompile>
    <ClCompile Include="..\Code\CBatchBuffer.cpp">
      <Filter>01. Scene\03. Editor\04. BatchBuffer</Filter>
    </ClCompile>
    <ClCompile Include="..\Code\CBlock.cpp">
      <Filter>01. Scene\03. Editor\01. Block</Filter>
    </ClCompile>
    <ClCompile Include="..\Code\CBlockMgr.cpp">
      <Filter>01. Scene\03. Editor\03. BlockMgr</Filter>
    </ClCompile>
    <ClCompile Include="..\Code\CBlockPlacer.cpp">
      <Filter>01. Scene\03. Editor\02. BlockPlacer</Filter>
    </ClCompile>
    <ClCompile Include="..\Code\CBodyBase.cpp">
      <Filter>02. GameObject\07. BodyBase</Filter>
    </ClCompile>
    <ClCompile Include="..\Code\CCamp.cpp">
      <Filter>01. Scene\01. Stage\00. Camp</Filter>
    </ClCompile>
    <ClCompile Include="CDLCBoss.cpp">
      <Filter>02. GameObject\09. DLCBoss</Filter>
    </ClCompile>
    <ClCompile Include="..\Code\CDynamicCamera.cpp">
      <Filter>02. GameObject\03. DynamicCamera</Filter>
    </ClCompile>
    <ClCompile Include="..\Code\CEditor.cpp">
      <Filter>01. Scene\03. Editor</Filter>
    </ClCompile>
    <ClCompile Include="..\Code\CEffect.cpp">
      <Filter>02. GameObject\06. Effect</Filter>
    </ClCompile>
    <ClCompile Include="..\Code\CIronBarMgr.cpp">
      <Filter>01. Scene\03. Editor\05. IronBarMgr</Filter>
    </ClCompile>
    <ClCompile Include="..\Code\CIronBar.cpp">
      <Filter>01. Scene\03. Editor\05. IronBarMgr\00. IronBar</Filter>
    </ClCompile>
    <ClCompile Include="Client.cpp">
      <Filter>소스 파일</Filter>
    </ClCompile>
    <ClCompile Include="..\Code\CLoading.cpp">
      <Filter>01. Scene\02. Loading</Filter>
    </ClCompile>
    <ClCompile Include="..\Code\CLoadingScene.cpp">
      <Filter>01. Scene\02. Loading</Filter>
    </ClCompile>
    <ClCompile Include="..\Code\CLogo.cpp">
      <Filter>01. Scene\00. Logo</Filter>
    </ClCompile>
    <ClCompile Include="..\Code\CMainApp.cpp">
      <Filter>00. MainApp</Filter>
    </ClCompile>
    <ClCompile Include="..\Code\CMonster.cpp">
      <Filter>02. GameObject\01. Monster</Filter>
    </ClCompile>
    <ClCompile Include="..\Code\CMonsterAnim.cpp">
      <Filter>02. GameObject\01. Monster</Filter>
    </ClCompile>
    <ClCompile Include="..\Code\CMonsterBody.cpp">
      <Filter>02. GameObject\01. Monster</Filter>
    </ClCompile>
    <ClCompile Include="..\Code\CObsidian.cpp">
      <Filter>01. Scene\01. Stage\03. Obsidian</Filter>
    </ClCompile>
    <ClCompile Include="..\Code\CPathFinding.cpp">
      <Filter>03. Manager\00. PathFinding</Filter>
    </ClCompile>
    <ClCompile Include="..\Code\CPlayer.cpp">
      <Filter>02. GameObject\02. Player</Filter>
    </ClCompile>
    <ClCompile Include="..\Code\CPlayerBody.cpp">
      <Filter>02. GameObject\02. Player</Filter>
    </ClCompile>
    <ClCompile Include="..\Code\CPlayerArrow.cpp">
      <Filter>02. GameObject\02. Player</Filter>
    </ClCompile>
    <ClCompile Include="..\Code\CRedStoneGolem.cpp">
      <Filter>02. GameObject\08. Boss</Filter>
    </ClCompile>
    <ClCompile Include="..\Code\CRedStoneGolemPart.cpp">
      <Filter>02. GameObject\08. Boss</Filter>
    </ClCompile>
    <ClCompile Include="..\Code\CMonsterMgr.cpp">
      <Filter>01. Scene\03. Editor\07. MonsterMgr</Filter>
    </ClCompile>
    <ClCompile Include="..\Code\CTriggerBox.cpp">
      <Filter>01. Scene\03. Editor\06. TriggerBoxMgr</Filter>
    </ClCompile>
    <ClCompile Include="..\Code\CTriggerBoxMgr.cpp">
      <Filter>01. Scene\03. Editor\06. TriggerBoxMgr</Filter>
    </ClCompile>
    <ClCompile Include="..\Code\CSkyBox.cpp">
      <Filter>02. GameObject\05. SkyBox</Filter>
    </ClCompile>
    <ClCompile Include="..\Code\CTerrain.cpp">
      <Filter>02. GameObject\04. Terrain</Filter>
    </ClCompile>
    <ClCompile Include="..\Code\imgui_widgets.cpp">
      <Filter>01. Scene\03. Editor\00. ImGui</Filter>
    </ClCompile>
    <ClCompile Include="..\Code\imgui.cpp">
      <Filter>01. Scene\03. Editor\00. ImGui</Filter>
    </ClCompile>
    <ClCompile Include="..\Code\imgui_draw.cpp">
      <Filter>01. Scene\03. Editor\00. ImGui</Filter>
    </ClCompile>
    <ClCompile Include="..\Code\imgui_impl_dx9.cpp">
      <Filter>01. Scene\03. Editor\00. ImGui</Filter>
    </ClCompile>
    <ClCompile Include="..\Code\imgui_impl_win32.cpp">
      <Filter>01. Scene\03. Editor\00. ImGui</Filter>
    </ClCompile>
    <ClCompile Include="..\Code\imgui_tables.cpp">
      <Filter>01. Scene\03. Editor\00. ImGui</Filter>
    </ClCompile>
    <ClCompile Include="..\Code\CStage.cpp">
      <Filter>01. Scene</Filter>
    </ClCompile>
    <ClCompile Include="..\Code\CSceneChanger.cpp">
      <Filter>01. Scene</Filter>
    </ClCompile>
    <ClCompile Include="..\Code\CSquidCoast.cpp">
      <Filter>01. Scene\01. Stage\01. SquidCoast</Filter>
    </ClCompile>
    <ClCompile Include="..\Code\CRedStone.cpp">
      <Filter>01. Scene\01. Stage\02. RedStone</Filter>
    </ClCompile>
    <ClCompile Include="..\Code\CBlockRenderer.cpp" />
    <ClCompile Include="..\Code\CUI.cpp" />
    <ClCompile Include="..\Code\CHotbar.cpp" />
    <ClCompile Include="..\Code\CUI_Json.cpp" />
    <ClCompile Include="..\Code\CAncientGuardian.cpp">
      <Filter>02. GameObject\09. DLCBoss\00. AncientGuardian</Filter>
    </ClCompile>
    <ClCompile Include="..\Code\CDragon.cpp">
      <Filter>02. GameObject\10. Dragon</Filter>
    </ClCompile>
    <ClCompile Include="..\Code\CAGAnim.cpp">
      <Filter>02. GameObject\09. DLCBoss\00. AncientGuardian</Filter>
    </ClCompile>
    <ClCompile Include="..\Code\CAGBody.cpp">
      <Filter>02. GameObject\09. DLCBoss\00. AncientGuardian</Filter>
    </ClCompile>
    <ClCompile Include="..\Code\CBiomine.cpp">
      <Filter>02. GameObject\09. DLCBoss\01. Biomine</Filter>
    </ClCompile>
    <ClCompile Include="..\Code\CVengefuHeartofEnder.cpp">
      <Filter>02. GameObject\09. DLCBoss\02. VengefulHeartofEnder</Filter>
    </ClCompile>
    <ClCompile Include="..\Code\CBeam.cpp">
      <Filter>02. GameObject\09. DLCBoss\03. Beam</Filter>
    </ClCompile>
    <ClCompile Include="..\Code\CInventoryMgr.cpp">
      <Filter>03. Manager\01. Inventory</Filter>
    </ClCompile>
    <ClCompile Include="..\Code\CBlockPreset.cpp">
      <Filter>01. Scene\03. Editor\01. Block</Filter>
    </ClCompile>
    <ClCompile Include="..\Code\CCursorMgr.cpp">
      <Filter>03. Manager\03. CursorMgr</Filter>
    </ClCompile>
    <ClCompile Include="..\Code\CDamageMgr.cpp">
      <Filter>03. Manager\02. DamageMgr</Filter>
    </ClCompile>
    <ClCompile Include="..\Code\CGolemStates.cpp">
      <Filter>02. GameObject\08. Boss</Filter>
    </ClCompile>
    <ClCompile Include="..\Code\CBox.cpp">
      <Filter>02. GameObject\11. Environment</Filter>
    </ClCompile>
    <ClCompile Include="..\Code\CBoxPart.cpp">
      <Filter>02. GameObject\11. Environment</Filter>
    </ClCompile>
    <ClCompile Include="..\Code\CHUD.cpp">
      <Filter>02. GameObject\12. UI</Filter>
    </ClCompile>
    <ClCompile Include="..\Code\CInventorySlot.cpp">
      <Filter>02. GameObject\12. UI</Filter>
    </ClCompile>
    <ClCompile Include="..\Code\CMinimap.cpp">
      <Filter>02. GameObject\12. UI</Filter>
    </ClCompile>
    <ClCompile Include="..\Code\CUIInterface.cpp">
      <Filter>02. GameObject\12. UI</Filter>
    </ClCompile>
    <ClCompile Include="..\Code\CTabButton.cpp">
      <Filter>02. GameObject\12. UI</Filter>
    </ClCompile>
    <ClCompile Include="..\Code\CEquipSlot.cpp">
      <Filter>02. GameObject\12. UI</Filter>
    </ClCompile>
    <ClCompile Include="..\Code\CLamp.cpp">
      <Filter>02. GameObject\11. Environment</Filter>
    </ClCompile>
    <ClCompile Include="..\Code\CLampPart.cpp">
      <Filter>02. GameObject\11. Environment</Filter>
    </ClCompile>
    <ClCompile Include="..\Code\CEnvironmentMgr.cpp">
      <Filter>03. Manager\04. EnvironmentMgr</Filter>
    </ClCompile>
    <ClCompile Include="..\Code\CItemPanel.cpp">
      <Filter>02. GameObject\12. UI</Filter>
    </ClCompile>
    <ClCompile Include="..\Code\CObjectEditor.cpp">
      <Filter>01. Scene\04. ObjectEditor</Filter>
    </ClCompile>
    <ClCompile Include="..\Code\CCMiniMap.cpp">
      <Filter>02. GameObject\13. Minimap</Filter>
    </ClCompile>
    <ClCompile Include="..\Code\CTNT.cpp">
      <Filter>02. GameObject\14. TNT</Filter>
    </ClCompile>
    <ClCompile Include="..\Code\CEmerald.cpp">
      <Filter>02. GameObject\11. Environment</Filter>
    </ClCompile>
    <ClCompile Include="..\Code\CNetworkStage.cpp">
      <Filter>01. Scene\01. Stage\07. GB\04. Network\00. Stage</Filter>
    </ClCompile>
    <ClCompile Include="..\Code\CNetworkPlayer.cpp">
      <Filter>01. Scene\01. Stage\07. GB\04. Network\01. Player</Filter>
    </ClCompile>
    <ClCompile Include="..\Code\CRemotePlayer.cpp">
      <Filter>01. Scene\01. Stage\07. GB\04. Network\01. Player</Filter>
    </ClCompile>
    <ClCompile Include="..\Code\CNetworkMgr.cpp">
      <Filter>01. Scene\01. Stage\07. GB\04. Network\02. NetworkMgr</Filter>
    </ClCompile>
    <ClCompile Include="..\Code\COcean.cpp">
      <Filter>01. Scene\01. Stage\07. GB\04. Network\03. Ocean</Filter>
    </ClCompile>
    <ClCompile Include="..\Code\COceanBuffer.cpp">
      <Filter>01. Scene\01. Stage\07. GB\04. Network\03. Ocean</Filter>
    </ClCompile>
    <ClCompile Include="..\Code\CEnderDragon.cpp">
      <Filter>01. Scene\01. Stage\07. GB\04. Network\04. EnderDragon</Filter>
    </ClCompile>
    <ClCompile Include="..\Code\CScreenFX.cpp">
      <Filter>01. Scene\01. Stage\07. GB\04. Network\05. Shader</Filter>
    </ClCompile>
    <ClCompile Include="..\Code\CCrystal.cpp">
      <Filter>02. GameObject\11. Environment</Filter>
    </ClCompile>
    <ClCompile Include="..\Code\CCrystalPart.cpp">
      <Filter>02. GameObject\11. Environment</Filter>
    </ClCompile>
    <ClCompile Include="..\Code\CCYStage.cpp">
      <Filter>01. Scene\01. Stage\06. CY</Filter>
    </ClCompile>
    <ClCompile Include="..\Code\CJSStage.cpp">
      <Filter>01. Scene\01. Stage\04. JS</Filter>
    </ClCompile>
    <ClCompile Include="..\Code\CTGStage.cpp">
      <Filter>01. Scene\01. Stage\05. TJ</Filter>
    </ClCompile>
    <ClCompile Include="..\Code\CDialogueBox.cpp">
      <Filter>02. GameObject\12. UI</Filter>
    </ClCompile>
    <ClCompile Include="..\Code\CInventoryBackground.cpp">
      <Filter>02. GameObject\12. UI</Filter>
    </ClCompile>
    <ClCompile Include="..\Code\CJumpingTrapMgr.cpp">
      <Filter>01. Scene\03. Editor\08. JumpingTrapMgr</Filter>
    </ClCompile>
    <ClCompile Include="..\Code\CJumpingTrap.cpp">
      <Filter>01. Scene\03. Editor\08. JumpingTrapMgr\00. JumpingTrap</Filter>
    </ClCompile>
    <ClCompile Include="..\Code\CEventBus.cpp">
      <Filter>03. Manager\05. EventBus</Filter>
    </ClCompile>
    <ClCompile Include="..\Code\CCurrencyHUD.cpp">
      <Filter>02. GameObject\12. UI</Filter>
    </ClCompile>
    <ClCompile Include="..\Code\CLoadingBlock.cpp">
      <Filter>01. Scene\02. Loading</Filter>
    </ClCompile>
    <ClCompile Include="..\Code\CLoadingTexture.cpp">
      <Filter>01. Scene\02. Loading</Filter>
    </ClCompile>
    <ClCompile Include="..\Code\CTGSkyBox.cpp">
      <Filter>02. GameObject\05. SkyBox</Filter>
    </ClCompile>
    <ClCompile Include="..\Code\CEnderEye.cpp">
      <Filter>02. GameObject\11. Environment</Filter>
    </ClCompile>
    <ClCompile Include="..\Code\CJSChunkMgr.cpp">
      <Filter>03. Manager</Filter>
    </ClCompile>
    <ClCompile Include="..\Code\CJSCamera.cpp">
      <Filter>02. GameObject\03. DynamicCamera</Filter>
    </ClCompile>
    <ClCompile Include="..\Code\CTJSpawnMgr.cpp">
      <Filter>03. Manager</Filter>
    </ClCompile>
    <ClCompile Include="..\Code\CTJPlayer.cpp">
      <Filter>02. GameObject\02. Player</Filter>
    </ClCompile>
    <ClCompile Include="..\Code\CSpawnEffect.cpp">
      <Filter>01. Scene\03. Editor\07. MonsterMgr</Filter>
    </ClCompile>
    <ClCompile Include="..\Code\CExplosionLight.cpp">
      <Filter>02. GameObject\15. ExplosionLight</Filter>
    </ClCompile>
    <ClCompile Include="..\Code\CNPC.cpp">
      <Filter>02. GameObject\16. NPC</Filter>
    </ClCompile>
    <ClCompile Include="..\Code\CJSChunk.cpp">
      <Filter>02. GameObject\17. JS</Filter>
    </ClCompile>
    <ClCompile Include="..\Code\CJSPlayer.cpp">
      <Filter>02. GameObject\17. JS</Filter>
    </ClCompile>
    <ClCompile Include="..\Code\CJSTile.cpp">
      <Filter>02. GameObject\17. JS</Filter>
    </ClCompile>
    <ClCompile Include="..\Code\CTJExpOrb.cpp">
      <Filter>02. GameObject\18. TJ</Filter>
    </ClCompile>
    <ClCompile Include="..\Code\CTorch.cpp">
      <Filter>02. GameObject\19. CY</Filter>
    </ClCompile>
    <ClCompile Include="..\Code\CVoidFlame.cpp">
      <Filter>01. Scene\01. Stage\07. GB\04. Network\06. VoidFlame</Filter>
    </ClCompile>
    <ClCompile Include="..\Code\CCYCamera.cpp">
      <Filter>01. Scene\01. Stage\06. CY</Filter>
    </ClCompile>
    <ClCompile Include="..\Code\CCYPlayer.cpp">
      <Filter>01. Scene\01. Stage\06. CY</Filter>
    </ClCompile>
  </ItemGroup>
  <ItemGroup>
    <ClInclude Include="..\Header\StageData.h" />
    <ClInclude Include="..\Header\Templateblocks.h" />
    <ClInclude Include="framework.h" />
    <ClInclude Include="pch.h" />
    <ClInclude Include="Resource.h" />
    <ClInclude Include="targetver.h" />
    <ClInclude Include="..\Header\Carrow.h">
      <Filter>02. GameObject\02. Player</Filter>
    </ClInclude>
    <ClInclude Include="..\Header\CBackGround.h">
      <Filter>02. GameObject\00. BackGround</Filter>
    </ClInclude>
    <ClInclude Include="..\Header\CBatchBuffer.h">
      <Filter>01. Scene\03. Editor\04. BatchBuffer</Filter>
    </ClInclude>
    <ClInclude Include="..\Header\CBlock.h">
      <Filter>01. Scene\03. Editor\01. Block</Filter>
    </ClInclude>
    <ClInclude Include="..\Header\CBlockMgr.h">
      <Filter>01. Scene\03. Editor\03. BlockMgr</Filter>
    </ClInclude>
    <ClInclude Include="..\Header\CBlockPlacer.h">
      <Filter>01. Scene\03. Editor\02. BlockPlacer</Filter>
    </ClInclude>
    <ClInclude Include="..\Header\CBodyBase.h">
      <Filter>02. GameObject\07. BodyBase</Filter>
    </ClInclude>
    <ClInclude Include="..\Header\CCamp.h">
      <Filter>01. Scene\01. Stage\00. Camp</Filter>
    </ClInclude>
    <ClInclude Include="..\Header\CDLCBoss.h">
      <Filter>02. GameObject\09. DLCBoss</Filter>
    </ClInclude>
    <ClInclude Include="..\Header\CDynamicCamera.h">
      <Filter>02. GameObject\03. DynamicCamera</Filter>
    </ClInclude>
    <ClInclude Include="..\Header\CEditor.h">
      <Filter>01. Scene\03. Editor</Filter>
    </ClInclude>
    <ClInclude Include="..\Header\CEffect.h">
      <Filter>02. GameObject\06. Effect</Filter>
    </ClInclude>
    <ClInclude Include="..\Header\CIronBarMgr.h">
      <Filter>01. Scene\03. Editor\05. IronBarMgr</Filter>
    </ClInclude>
    <ClInclude Include="..\Header\CIronBar.h">
      <Filter>01. Scene\03. Editor\05. IronBarMgr\00. IronBar</Filter>
    </ClInclude>
    <ClInclude Include="Client.h">
      <Filter>헤더 파일</Filter>
    </ClInclude>
    <ClInclude Include="..\Header\CLoading.h">
      <Filter>01. Scene\02. Loading</Filter>
    </ClInclude>
    <ClInclude Include="..\Header\CLoadingScene.h">
      <Filter>01. Scene\02. Loading</Filter>
    </ClInclude>
    <ClInclude Include="..\Header\CLogo.h">
      <Filter>01. Scene\00. Logo</Filter>
    </ClInclude>
    <ClInclude Include="..\Header\CMainApp.h">
      <Filter>00. MainApp</Filter>
    </ClInclude>
    <ClInclude Include="..\Header\CMonster.h">
      <Filter>02. GameObject\01. Monster</Filter>
    </ClInclude>
    <ClInclude Include="..\Header\CMonsterAnim.h">
      <Filter>02. GameObject\01. Monster</Filter>
    </ClInclude>
    <ClInclude Include="..\Header\CMonsterBody.h">
      <Filter>02. GameObject\01. Monster</Filter>
    </ClInclude>
    <ClInclude Include="..\Header\CMonsterUV.h">
      <Filter>02. GameObject\01. Monster</Filter>
    </ClInclude>
    <ClInclude Include="..\Header\CNavNode.h">
      <Filter>03. Manager\00. PathFinding</Filter>
    </ClInclude>
    <ClInclude Include="..\Header\CObsidian.h">
      <Filter>01. Scene\01. Stage\03. Obsidian</Filter>
    </ClInclude>
    <ClInclude Include="..\Header\CPathFinding.h">
      <Filter>03. Manager\00. PathFinding</Filter>
    </ClInclude>
    <ClInclude Include="..\Header\CPlayer.h">
      <Filter>02. GameObject\02. Player</Filter>
    </ClInclude>
    <ClInclude Include="..\Header\CPlayerUV.h">
      <Filter>02. GameObject\02. Player</Filter>
    </ClInclude>
    <ClInclude Include="..\Header\CPlayerBody.h">
      <Filter>02. GameObject\02. Player</Filter>
    </ClInclude>
    <ClInclude Include="..\Header\CPlayerArrow.h">
      <Filter>02. GameObject\02. Player</Filter>
    </ClInclude>
    <ClInclude Include="..\Header\CRedStoneGolem.h">
      <Filter>02. GameObject\08. Boss</Filter>
    </ClInclude>
    <ClInclude Include="..\Header\CRedStoneGolemPart.h">
      <Filter>02. GameObject\08. Boss</Filter>
    </ClInclude>
    <ClInclude Include="..\Header\CMonsterMgr.h">
      <Filter>01. Scene\03. Editor\07. MonsterMgr</Filter>
    </ClInclude>
    <ClInclude Include="..\Header\CTriggerBox.h">
      <Filter>01. Scene\03. Editor\06. TriggerBoxMgr</Filter>
    </ClInclude>
    <ClInclude Include="..\Header\CTriggerBoxMgr.h">
      <Filter>01. Scene\03. Editor\06. TriggerBoxMgr</Filter>
    </ClInclude>
    <ClInclude Include="..\Header\CSkyBox.h">
      <Filter>02. GameObject\05. SkyBox</Filter>
    </ClInclude>
    <ClInclude Include="..\Header\CTerrain.h">
      <Filter>02. GameObject\04. Terrain</Filter>
    </ClInclude>
    <ClInclude Include="..\Header\CStage.h">
      <Filter>01. Scene</Filter>
    </ClInclude>
    <ClInclude Include="..\Header\CSceneChanger.h">
      <Filter>01. Scene</Filter>
    </ClInclude>
    <ClInclude Include="..\Header\CSquidCoast.h">
      <Filter>01. Scene\01. Stage\01. SquidCoast</Filter>
    </ClInclude>
    <ClInclude Include="..\Header\CRedStone.h">
      <Filter>01. Scene\01. Stage\02. RedStone</Filter>
    </ClInclude>
    <ClInclude Include="..\Header\CUI.h" />
    <ClInclude Include="..\Header\CHotbar.h" />
    <ClInclude Include="..\Header\CUI_Json.h" />
    <ClInclude Include="..\Header\CAncientGuardian.h">
      <Filter>02. GameObject\09. DLCBoss\00. AncientGuardian</Filter>
    </ClInclude>
    <ClInclude Include="..\Header\CDragon.h">
      <Filter>02. GameObject\10. Dragon</Filter>
    </ClInclude>
    <ClInclude Include="..\Header\CAncientGuardianUV.h">
      <Filter>02. GameObject\09. DLCBoss\00. AncientGuardian</Filter>
    </ClInclude>
    <ClInclude Include="..\Header\CAGAnim.h">
      <Filter>02. GameObject\09. DLCBoss\00. AncientGuardian</Filter>
    </ClInclude>
    <ClInclude Include="..\Header\CAGBody.h">
      <Filter>02. GameObject\09. DLCBoss\00. AncientGuardian</Filter>
    </ClInclude>
    <ClInclude Include="..\Header\CBiomine.h">
      <Filter>02. GameObject\09. DLCBoss\01. Biomine</Filter>
    </ClInclude>
    <ClInclude Include="..\Header\CVengefuHeartofEnder.h">
      <Filter>02. GameObject\09. DLCBoss\02. VengefulHeartofEnder</Filter>
    </ClInclude>
    <ClInclude Include="..\Header\CBeam.h">
      <Filter>02. GameObject\09. DLCBoss\03. Beam</Filter>
    </ClInclude>
    <ClInclude Include="..\Header\CInventoryMgr.h">
      <Filter>03. Manager\01. Inventory</Filter>
    </ClInclude>
    <ClInclude Include="..\Header\CBlockPreset.h">
      <Filter>01. Scene\03. Editor\01. Block</Filter>
    </ClInclude>
    <ClInclude Include="..\Header\CCursorMgr.h">
      <Filter>03. Manager\03. CursorMgr</Filter>
    </ClInclude>
    <ClInclude Include="..\Header\CDamageMgr.h">
      <Filter>03. Manager\02. DamageMgr</Filter>
    </ClInclude>
    <ClInclude Include="..\Header\CGolemStates.h">
      <Filter>02. GameObject\08. Boss</Filter>
    </ClInclude>
    <ClInclude Include="..\Header\IGolemState.h">
      <Filter>02. GameObject\08. Boss</Filter>
    </ClInclude>
    <ClInclude Include="..\Header\CBox.h">
      <Filter>02. GameObject\11. Environment</Filter>
    </ClInclude>
    <ClInclude Include="..\Header\CBoxPart.h">
      <Filter>02. GameObject\11. Environment</Filter>
    </ClInclude>
    <ClInclude Include="..\Header\CHUD.h">
      <Filter>02. GameObject\12. UI</Filter>
    </ClInclude>
    <ClInclude Include="..\Header\CInventorySlot.h">
      <Filter>02. GameObject\12. UI</Filter>
    </ClInclude>
    <ClInclude Include="..\Header\CMinimap.h">
      <Filter>02. GameObject\12. UI</Filter>
    </ClInclude>
    <ClInclude Include="..\Header\CUIInterface.h">
      <Filter>02. GameObject\12. UI</Filter>
    </ClInclude>
    <ClInclude Include="..\Header\CTabButton.h">
      <Filter>02. GameObject\12. UI</Filter>
    </ClInclude>
    <ClInclude Include="..\Header\CEquipSlot.h">
      <Filter>02. GameObject\12. UI</Filter>
    </ClInclude>
    <ClInclude Include="..\Header\CLamp.h">
      <Filter>02. GameObject\11. Environment</Filter>
    </ClInclude>
    <ClInclude Include="..\Header\CLampPart.h">
      <Filter>02. GameObject\11. Environment</Filter>
    </ClInclude>
    <ClInclude Include="..\Header\CEnvironmentMgr.h">
      <Filter>03. Manager\04. EnvironmentMgr</Filter>
    </ClInclude>
    <ClInclude Include="..\Header\CItemPanel.h">
      <Filter>02. GameObject\12. UI</Filter>
    </ClInclude>
    <ClInclude Include="..\Header\CObjectEditor.h">
      <Filter>01. Scene\04. ObjectEditor</Filter>
    </ClInclude>
    <ClInclude Include="..\Header\CCMiniMap.h">
      <Filter>02. GameObject\13. Minimap</Filter>
    </ClInclude>
    <ClInclude Include="..\Header\CTNT.h">
      <Filter>02. GameObject\14. TNT</Filter>
    </ClInclude>
    <ClInclude Include="..\Header\CEmerald.h">
      <Filter>02. GameObject\11. Environment</Filter>
    </ClInclude>
    <ClInclude Include="..\Header\CNetworkStage.h">
      <Filter>01. Scene\01. Stage\07. GB\04. Network\00. Stage</Filter>
    </ClInclude>
    <ClInclude Include="..\Header\CNetworkPlayer.h">
      <Filter>01. Scene\01. Stage\07. GB\04. Network\01. Player</Filter>
    </ClInclude>
    <ClInclude Include="..\Header\CRemotePlayer.h">
      <Filter>01. Scene\01. Stage\07. GB\04. Network\01. Player</Filter>
    </ClInclude>
    <ClInclude Include="..\Header\CNetworkMgr.h">
      <Filter>01. Scene\01. Stage\07. GB\04. Network\02. NetworkMgr</Filter>
    </ClInclude>
    <ClInclude Include="..\Header\COceanTypes.h">
      <Filter>01. Scene\01. Stage\07. GB\04. Network\03. Ocean</Filter>
    </ClInclude>
    <ClInclude Include="..\Header\COcean.h">
      <Filter>01. Scene\01. Stage\07. GB\04. Network\03. Ocean</Filter>
    </ClInclude>
    <ClInclude Include="..\Header\COceanBuffer.h">
      <Filter>01. Scene\01. Stage\07. GB\04. Network\03. Ocean</Filter>
    </ClInclude>
    <ClInclude Include="..\Header\CEnderDragon.h">
      <Filter>01. Scene\01. Stage\07. GB\04. Network\04. EnderDragon</Filter>
    </ClInclude>
    <ClInclude Include="..\Header\CScreenFX.h">
      <Filter>01. Scene\01. Stage\07. GB\04. Network\05. Shader</Filter>
    </ClInclude>
    <ClInclude Include="..\Header\CCrystal.h">
      <Filter>02. GameObject\11. Environment</Filter>
    </ClInclude>
    <ClInclude Include="..\Header\CCrystalPart.h">
      <Filter>02. GameObject\11. Environment</Filter>
    </ClInclude>
    <ClInclude Include="..\Header\CJSStage.h">
      <Filter>01. Scene\01. Stage\04. JS</Filter>
    </ClInclude>
    <ClInclude Include="..\Header\CTGStage.h">
      <Filter>01. Scene\01. Stage\05. TJ</Filter>
    </ClInclude>
    <ClInclude Include="..\Header\CCYStage.h">
      <Filter>01. Scene\01. Stage\06. CY</Filter>
    </ClInclude>
    <ClInclude Include="..\Header\CDialogueBox.h">
      <Filter>02. GameObject\12. UI</Filter>
    </ClInclude>
    <ClInclude Include="..\Header\CInventoryBackground.h">
      <Filter>02. GameObject\12. UI</Filter>
    </ClInclude>
    <ClInclude Include="..\Header\CJumpingTrapMgr.h">
      <Filter>01. Scene\03. Editor\08. JumpingTrapMgr</Filter>
    </ClInclude>
    <ClInclude Include="..\Header\CJumpingTrap.h">
      <Filter>01. Scene\03. Editor\08. JumpingTrapMgr\00. JumpingTrap</Filter>
    </ClInclude>
    <ClInclude Include="..\Header\CEventBus.h">
      <Filter>03. Manager\05. EventBus</Filter>
    </ClInclude>
    <ClInclude Include="..\Header\CCurrencyHUD.h">
      <Filter>02. GameObject\12. UI</Filter>
    </ClInclude>
    <ClInclude Include="..\Header\CLoadingBlock.h">
      <Filter>01. Scene\02. Loading</Filter>
    </ClInclude>
    <ClInclude Include="..\Header\CLoadingTexture.h">
      <Filter>01. Scene\02. Loading</Filter>
    </ClInclude>
    <ClInclude Include="..\Header\CTGSkyBox.h">
      <Filter>02. GameObject\05. SkyBox</Filter>
    </ClInclude>
    <ClInclude Include="..\Header\CBlockRenderer.h" />
    <ClInclude Include="..\Header\CEnderEye.h">
      <Filter>02. GameObject\11. Environment</Filter>
    </ClInclude>
    <ClInclude Include="..\Header\CJSChunkMgr.h">
      <Filter>03. Manager</Filter>
    </ClInclude>
    <ClInclude Include="..\Header\CJSCamera.h">
      <Filter>02. GameObject\03. DynamicCamera</Filter>
    </ClInclude>
    <ClInclude Include="..\Header\CTJSpawnMgr.h">
      <Filter>03. Manager</Filter>
    </ClInclude>
    <ClInclude Include="..\Header\CTJPlayer.h">
      <Filter>02. GameObject\02. Player</Filter>
    </ClInclude>
    <ClInclude Include="..\Header\CSpawnEffect.h">
      <Filter>01. Scene\03. Editor\07. MonsterMgr</Filter>
    </ClInclude>
    <ClInclude Include="..\Header\CExplosionLight.h">
      <Filter>02. GameObject\15. ExplosionLight</Filter>
    </ClInclude>
    <ClInclude Include="..\Header\CNPC.h">
      <Filter>02. GameObject\16. NPC</Filter>
    </ClInclude>
    <ClInclude Include="..\Header\CJSChunk.h">
      <Filter>02. GameObject\17. JS</Filter>
    </ClInclude>
    <ClInclude Include="..\Header\CJSPlayer.h">
      <Filter>02. GameObject\17. JS</Filter>
    </ClInclude>
    <ClInclude Include="..\Header\CJSTile.h">
      <Filter>02. GameObject\17. JS</Filter>
    </ClInclude>
    <ClInclude Include="..\Header\CTJExpOrb.h">
      <Filter>02. GameObject\18. TJ</Filter>
    </ClInclude>
    <ClInclude Include="..\Header\CTorch.h">
      <Filter>02. GameObject\19. CY</Filter>
    </ClInclude>
    <ClInclude Include="..\Header\CVoidFlame.h">
      <Filter>01. Scene\01. Stage\07. GB\04. Network\06. VoidFlame</Filter>
    </ClInclude>
    <ClInclude Include="..\Header\CCYCamera.h">
      <Filter>01. Scene\01. Stage\06. CY</Filter>
    </ClInclude>
    <ClInclude Include="..\Header\CCYPlayer.h">
      <Filter>01. Scene\01. Stage\06. CY</Filter>
    </ClInclude>
  </ItemGroup>
  <ItemGroup>
    <Image Include="small.ico" />
    <Image Include="Client.ico">
      <Filter>리소스 파일</Filter>
    </Image>
  </ItemGroup>
  <ItemGroup>
    <Filter Include="00. MainApp">
      <UniqueIdentifier>{96c49789-9427-4c4f-b693-f9b4ca52c425}</UniqueIdentifier>
    </Filter>
    <Filter Include="01. Scene">
      <UniqueIdentifier>{c26f7104-8a52-465f-8f75-c5e31278c137}</UniqueIdentifier>
    </Filter>
    <Filter Include="02. GameObject">
      <UniqueIdentifier>{fb4aad3f-0956-4ac5-a1f8-06575b795296}</UniqueIdentifier>
    </Filter>
    <Filter Include="03. Manager">
      <UniqueIdentifier>{e617ad7b-8b99-4815-92e1-0e3d99eb99a5}</UniqueIdentifier>
    </Filter>
    <Filter Include="리소스 파일">
      <UniqueIdentifier>{bf7e3859-49dc-4a39-b545-cab9fab548bc}</UniqueIdentifier>
    </Filter>
    <Filter Include="소스 파일">
      <UniqueIdentifier>{71852731-019a-4b47-8f51-5288e39548af}</UniqueIdentifier>
    </Filter>
    <Filter Include="헤더 파일">
      <UniqueIdentifier>{9de37d33-c30f-4e79-a435-c9f1509119b7}</UniqueIdentifier>
    </Filter>
    <Filter Include="02. GameObject\00. BackGround">
      <UniqueIdentifier>{5eeaff37-e6a8-4796-8151-382b56742f68}</UniqueIdentifier>
    </Filter>
    <Filter Include="02. GameObject\01. Monster">
      <UniqueIdentifier>{615dc399-2837-4a5a-b93e-83d11f1020dd}</UniqueIdentifier>
    </Filter>
    <Filter Include="02. GameObject\02. Player">
      <UniqueIdentifier>{3563faab-5dd0-4f41-8a73-c06f147e78e3}</UniqueIdentifier>
    </Filter>
    <Filter Include="02. GameObject\03. DynamicCamera">
      <UniqueIdentifier>{8678ca0c-dfda-4197-9c7b-f7945e3231a7}</UniqueIdentifier>
    </Filter>
    <Filter Include="02. GameObject\04. Terrain">
      <UniqueIdentifier>{1b164224-7298-4ade-a3a8-cd54f45f55e2}</UniqueIdentifier>
    </Filter>
    <Filter Include="02. GameObject\05. SkyBox">
      <UniqueIdentifier>{89d5af87-8b3a-424f-be30-90ca358ea625}</UniqueIdentifier>
    </Filter>
    <Filter Include="02. GameObject\06. Effect">
      <UniqueIdentifier>{a73dc973-86d8-4102-b37f-337737312b7e}</UniqueIdentifier>
    </Filter>
    <Filter Include="02. GameObject\07. BodyBase">
      <UniqueIdentifier>{6e5021c5-0695-4a32-a041-81ee25c08d6a}</UniqueIdentifier>
    </Filter>
    <Filter Include="02. GameObject\08. Boss">
      <UniqueIdentifier>{6f8d430d-ebc7-4e48-9ac2-61aa861bdbb3}</UniqueIdentifier>
    </Filter>
    <Filter Include="02. GameObject\09. DLCBoss">
      <UniqueIdentifier>{cd3d84ed-7345-4ddb-9e85-819c59f0c606}</UniqueIdentifier>
    </Filter>
    <Filter Include="01. Scene\00. Logo">
      <UniqueIdentifier>{909368cd-6966-4e8e-8d75-d10ec1288346}</UniqueIdentifier>
    </Filter>
    <Filter Include="01. Scene\01. Stage">
      <UniqueIdentifier>{563531f2-6efc-438c-9e70-6cb361ca5409}</UniqueIdentifier>
    </Filter>
    <Filter Include="01. Scene\01. Stage\00. Camp">
      <UniqueIdentifier>{c0cda28f-8f15-4a86-8c7b-9716d43495bc}</UniqueIdentifier>
    </Filter>
    <Filter Include="01. Scene\01. Stage\01. SquidCoast">
      <UniqueIdentifier>{99bf8bfe-14f6-4e4f-a5b5-fb8e0c10fed6}</UniqueIdentifier>
    </Filter>
    <Filter Include="01. Scene\01. Stage\02. RedStone">
      <UniqueIdentifier>{fda2d6fb-7388-4af6-b5a6-42daf5072fe6}</UniqueIdentifier>
    </Filter>
    <Filter Include="01. Scene\01. Stage\03. Obsidian">
      <UniqueIdentifier>{c017d209-4281-429b-b88d-d385d797fa2e}</UniqueIdentifier>
    </Filter>
    <Filter Include="01. Scene\02. Loading">
      <UniqueIdentifier>{112eb1fa-c324-4350-8166-3bb77c297333}</UniqueIdentifier>
    </Filter>
    <Filter Include="01. Scene\03. Editor">
      <UniqueIdentifier>{6e17a0d8-76b0-4718-8c4e-e7baa64af39e}</UniqueIdentifier>
    </Filter>
    <Filter Include="01. Scene\03. Editor\00. ImGui">
      <UniqueIdentifier>{122dd7f2-668e-4aaf-8e2c-0d59b9eb3586}</UniqueIdentifier>
    </Filter>
    <Filter Include="01. Scene\03. Editor\01. Block">
      <UniqueIdentifier>{e4906bad-9742-40a5-b01a-008e3a810719}</UniqueIdentifier>
    </Filter>
    <Filter Include="01. Scene\03. Editor\02. BlockPlacer">
      <UniqueIdentifier>{40c13756-158b-4193-bd55-ebab36867716}</UniqueIdentifier>
    </Filter>
    <Filter Include="01. Scene\03. Editor\03. BlockMgr">
      <UniqueIdentifier>{31b2e018-4118-4f09-91b8-ab789286950b}</UniqueIdentifier>
    </Filter>
    <Filter Include="01. Scene\03. Editor\04. BatchBuffer">
      <UniqueIdentifier>{c8f32ac6-c2ea-4208-b0dd-c6fd0d0c78da}</UniqueIdentifier>
    </Filter>
    <Filter Include="01. Scene\03. Editor\05. IronBarMgr">
      <UniqueIdentifier>{6a999424-f87f-4a4d-8116-98b00bb3a0c1}</UniqueIdentifier>
    </Filter>
    <Filter Include="01. Scene\03. Editor\06. TriggerBoxMgr">
      <UniqueIdentifier>{27b563a5-27e6-4ee7-a7c2-d051421c0af3}</UniqueIdentifier>
    </Filter>
    <Filter Include="01. Scene\03. Editor\07. MonsterMgr">
      <UniqueIdentifier>{09cfa01f-d538-4a01-9ef1-96faf5c9a332}</UniqueIdentifier>
    </Filter>
    <Filter Include="01. Scene\03. Editor\05. IronBarMgr\00. IronBar">
      <UniqueIdentifier>{64d41a54-b77f-42c0-9dd7-c8fe06296ad0}</UniqueIdentifier>
    </Filter>
    <Filter Include="03. Manager\00. PathFinding">
      <UniqueIdentifier>{02c2e2b7-b17b-42d1-a246-bd7c1aacd099}</UniqueIdentifier>
    </Filter>
    <Filter Include="02. GameObject\09. DLCBoss\00. AncientGuardian">
      <UniqueIdentifier>{be334d2b-3f87-42f4-bbd9-8bdf57e4209d}</UniqueIdentifier>
    </Filter>
    <Filter Include="02. GameObject\10. Dragon">
      <UniqueIdentifier>{29ddc4e9-a644-4df3-b690-db83dd74db89}</UniqueIdentifier>
    </Filter>
    <Filter Include="02. GameObject\09. DLCBoss\01. Biomine">
      <UniqueIdentifier>{0927f1a5-6bb7-4d82-96be-bca7297e9875}</UniqueIdentifier>
    </Filter>
    <Filter Include="02. GameObject\09. DLCBoss\02. VengefulHeartofEnder">
      <UniqueIdentifier>{9d9a9784-f4d8-4f28-b38c-6d8900abd69c}</UniqueIdentifier>
    </Filter>
    <Filter Include="02. GameObject\09. DLCBoss\03. Beam">
      <UniqueIdentifier>{51625d73-6d31-4f92-bbf7-4480f89c001e}</UniqueIdentifier>
    </Filter>
    <Filter Include="03. Manager\01. Inventory">
      <UniqueIdentifier>{47eca706-72b7-404b-aea6-9d6a41c890ba}</UniqueIdentifier>
    </Filter>
    <Filter Include="03. Manager\02. DamageMgr">
      <UniqueIdentifier>{422bebb4-a8fc-4859-b2b3-d0fb29417f34}</UniqueIdentifier>
    </Filter>
    <Filter Include="03. Manager\03. CursorMgr">
      <UniqueIdentifier>{d246c8c6-c5a7-453b-8008-c6cbc023f4bb}</UniqueIdentifier>
    </Filter>
    <Filter Include="02. GameObject\11. Environment">
      <UniqueIdentifier>{dc580130-ca0e-437e-ab25-3e09ce72ba0f}</UniqueIdentifier>
    </Filter>
    <Filter Include="02. GameObject\12. UI">
      <UniqueIdentifier>{a081e8df-c5e2-4006-9466-fdad977d68b9}</UniqueIdentifier>
    </Filter>
    <Filter Include="03. Manager\04. EnvironmentMgr">
      <UniqueIdentifier>{f84ffcac-f511-4e51-8c41-dfda4c2db887}</UniqueIdentifier>
    </Filter>
    <Filter Include="01. Scene\04. ObjectEditor">
      <UniqueIdentifier>{99d8a19a-a7ff-4a09-92e3-b4acd99c291e}</UniqueIdentifier>
    </Filter>
    <Filter Include="02. GameObject\13. Minimap">
      <UniqueIdentifier>{3b9baa3b-a170-4fa9-8848-9e81d1eaeb7d}</UniqueIdentifier>
    </Filter>
    <Filter Include="02. GameObject\14. TNT">
      <UniqueIdentifier>{ee906648-4283-4010-8c63-5acab7552df1}</UniqueIdentifier>
    </Filter>
    <Filter Include="01. Scene\01. Stage\04. JS">
      <UniqueIdentifier>{329c2971-bac3-4122-9c4c-e37a53d13dea}</UniqueIdentifier>
    </Filter>
    <Filter Include="01. Scene\01. Stage\06. CY">
      <UniqueIdentifier>{1aebd20a-f04b-44a4-9e67-390946b61ffb}</UniqueIdentifier>
    </Filter>
    <Filter Include="01. Scene\01. Stage\07. GB">
      <UniqueIdentifier>{c8d56afd-e9cb-48fc-82d5-e5b3ce5894b4}</UniqueIdentifier>
    </Filter>
    <Filter Include="01. Scene\01. Stage\07. GB\04. Network">
      <UniqueIdentifier>{6ca04b61-c955-4a20-8b73-1abe3ca8d9d7}</UniqueIdentifier>
    </Filter>
    <Filter Include="01. Scene\01. Stage\07. GB\04. Network\00. Stage">
      <UniqueIdentifier>{306d3d90-988d-4540-8c4c-813f9aef6195}</UniqueIdentifier>
    </Filter>
    <Filter Include="01. Scene\01. Stage\07. GB\04. Network\01. Player">
      <UniqueIdentifier>{ce829bfd-1cc7-4162-87b0-618b914908a6}</UniqueIdentifier>
    </Filter>
    <Filter Include="01. Scene\01. Stage\07. GB\04. Network\02. NetworkMgr">
      <UniqueIdentifier>{5d75b8d7-8088-4d3b-bbe2-29990f37f52d}</UniqueIdentifier>
    </Filter>
    <Filter Include="01. Scene\01. Stage\07. GB\04. Network\03. Ocean">
      <UniqueIdentifier>{49f8fc79-e1a2-4ada-9146-430bcae8b0da}</UniqueIdentifier>
    </Filter>
    <Filter Include="01. Scene\01. Stage\07. GB\04. Network\04. EnderDragon">
      <UniqueIdentifier>{2f0b53fe-ee26-4945-8f9b-3bfd162a96d0}</UniqueIdentifier>
    </Filter>
    <Filter Include="01. Scene\01. Stage\07. GB\04. Network\05. Shader">
      <UniqueIdentifier>{859f4db2-0a82-4991-bcc0-68a20518ac4d}</UniqueIdentifier>
    </Filter>
    <Filter Include="01. Scene\03. Editor\08. JumpingTrapMgr">
      <UniqueIdentifier>{eb831442-48a6-4857-b815-3d68729e6a58}</UniqueIdentifier>
    </Filter>
    <Filter Include="01. Scene\03. Editor\08. JumpingTrapMgr\00. JumpingTrap">
      <UniqueIdentifier>{8c369960-3d3a-4764-be1a-6051e00e8204}</UniqueIdentifier>
    </Filter>
    <Filter Include="03. Manager\05. EventBus">
      <UniqueIdentifier>{7a43042b-503e-426b-a3b0-14cc490d62af}</UniqueIdentifier>
    </Filter>
    <Filter Include="01. Scene\01. Stage\05. TJ">
      <UniqueIdentifier>{53800c26-c572-43f7-a5ac-7453e2bce097}</UniqueIdentifier>
    </Filter>
    <Filter Include="02. GameObject\15. ExplosionLight">
      <UniqueIdentifier>{1fc0335a-79ad-4508-af81-a67f8f446b0f}</UniqueIdentifier>
    </Filter>
    <Filter Include="02. GameObject\16. NPC">
      <UniqueIdentifier>{631803ce-6180-4cbb-9632-91b178f896be}</UniqueIdentifier>
    </Filter>
    <Filter Include="02. GameObject\17. JS">
      <UniqueIdentifier>{9f611128-9c95-4251-bead-cd22713320a6}</UniqueIdentifier>
    </Filter>
    <Filter Include="02. GameObject\18. TJ">
      <UniqueIdentifier>{c4e494c0-91bd-4621-ad9b-1393869c448c}</UniqueIdentifier>
    </Filter>
    <Filter Include="02. GameObject\19. CY">
      <UniqueIdentifier>{53dd14e0-6a0a-471f-88a2-19d6d8b46601}</UniqueIdentifier>
    </Filter>
    <Filter Include="02. GameObject\20. GB">
      <UniqueIdentifier>{177eb5e6-8cdc-4432-a562-930d93617e38}</UniqueIdentifier>
    </Filter>
    <Filter Include="01. Scene\01. Stage\07. GB\04. Network\06. VoidFlame">
      <UniqueIdentifier>{c8d7d565-8a74-41f3-b944-1c6d8e5d84a5}</UniqueIdentifier>
    </Filter>
  </ItemGroup>
  <ItemGroup>
    <ResourceCompile Include="Client.rc">
      <Filter>리소스 파일</Filter>
    </ResourceCompile>
  </ItemGroup>
</Project>